// !$*UTF8*$!
{
	archiveVersion = 1;
	classes = {
	};
	objectVersion = 46;
	objects = {

/* Begin PBXBuildFile section */
		AA4F5F631BA9EF6A0032AF01 /* main.m in Sources */ = {isa = PBXBuildFile; fileRef = AA4F5F621BA9EF6A0032AF01 /* main.m */; };
		AA4F5F661BA9EF6A0032AF01 /* AppDelegate.m in Sources */ = {isa = PBXBuildFile; fileRef = AA4F5F651BA9EF6A0032AF01 /* AppDelegate.m */; };
		AA4F5F691BA9EF6A0032AF01 /* EveryDoCoreData.xcdatamodeld in Sources */ = {isa = PBXBuildFile; fileRef = AA4F5F671BA9EF6A0032AF01 /* EveryDoCoreData.xcdatamodeld */; };
		AA4F5F6C1BA9EF6A0032AF01 /* MasterViewController.m in Sources */ = {isa = PBXBuildFile; fileRef = AA4F5F6B1BA9EF6A0032AF01 /* MasterViewController.m */; };
		AA4F5F6F1BA9EF6A0032AF01 /* DetailViewController.m in Sources */ = {isa = PBXBuildFile; fileRef = AA4F5F6E1BA9EF6A0032AF01 /* DetailViewController.m */; };
		AA4F5F721BA9EF6A0032AF01 /* Main.storyboard in Resources */ = {isa = PBXBuildFile; fileRef = AA4F5F701BA9EF6A0032AF01 /* Main.storyboard */; };
		AA4F5F741BA9EF6A0032AF01 /* Images.xcassets in Resources */ = {isa = PBXBuildFile; fileRef = AA4F5F731BA9EF6A0032AF01 /* Images.xcassets */; };
		AA4F5F771BA9EF6A0032AF01 /* LaunchScreen.xib in Resources */ = {isa = PBXBuildFile; fileRef = AA4F5F751BA9EF6A0032AF01 /* LaunchScreen.xib */; };
		AA4F5F831BA9EF6A0032AF01 /* EveryDoCoreDataTests.m in Sources */ = {isa = PBXBuildFile; fileRef = AA4F5F821BA9EF6A0032AF01 /* EveryDoCoreDataTests.m */; };
/* End PBXBuildFile section */

/* Begin PBXContainerItemProxy section */
		AA4F5F7D1BA9EF6A0032AF01 /* PBXContainerItemProxy */ = {
			isa = PBXContainerItemProxy;
			containerPortal = AA4F5F551BA9EF6A0032AF01 /* Project object */;
			proxyType = 1;
			remoteGlobalIDString = AA4F5F5C1BA9EF6A0032AF01;
			remoteInfo = EveryDoCoreData;
		};
/* End PBXContainerItemProxy section */

/* Begin PBXFileReference section */
		AA4F5F5D1BA9EF6A0032AF01 /* EveryDoCoreData.app */ = {isa = PBXFileReference; explicitFileType = wrapper.application; includeInIndex = 0; path = EveryDoCoreData.app; sourceTree = BUILT_PRODUCTS_DIR; };
		AA4F5F611BA9EF6A0032AF01 /* Info.plist */ = {isa = PBXFileReference; lastKnownFileType = text.plist.xml; path = Info.plist; sourceTree = "<group>"; };
		AA4F5F621BA9EF6A0032AF01 /* main.m */ = {isa = PBXFileReference; lastKnownFileType = sourcecode.c.objc; path = main.m; sourceTree = "<group>"; };
		AA4F5F641BA9EF6A0032AF01 /* AppDelegate.h */ = {isa = PBXFileReference; lastKnownFileType = sourcecode.c.h; path = AppDelegate.h; sourceTree = "<group>"; };
		AA4F5F651BA9EF6A0032AF01 /* AppDelegate.m */ = {isa = PBXFileReference; lastKnownFileType = sourcecode.c.objc; path = AppDelegate.m; sourceTree = "<group>"; };
		AA4F5F681BA9EF6A0032AF01 /* EveryDoCoreData.xcdatamodel */ = {isa = PBXFileReference; lastKnownFileType = wrapper.xcdatamodel; path = EveryDoCoreData.xcdatamodel; sourceTree = "<group>"; };
		AA4F5F6A1BA9EF6A0032AF01 /* MasterViewController.h */ = {isa = PBXFileReference; lastKnownFileType = sourcecode.c.h; path = MasterViewController.h; sourceTree = "<group>"; };
		AA4F5F6B1BA9EF6A0032AF01 /* MasterViewController.m */ = {isa = PBXFileReference; lastKnownFileType = sourcecode.c.objc; path = MasterViewController.m; sourceTree = "<group>"; };
		AA4F5F6D1BA9EF6A0032AF01 /* DetailViewController.h */ = {isa = PBXFileReference; lastKnownFileType = sourcecode.c.h; path = DetailViewController.h; sourceTree = "<group>"; };
		AA4F5F6E1BA9EF6A0032AF01 /* DetailViewController.m */ = {isa = PBXFileReference; lastKnownFileType = sourcecode.c.objc; path = DetailViewController.m; sourceTree = "<group>"; };
		AA4F5F711BA9EF6A0032AF01 /* Base */ = {isa = PBXFileReference; lastKnownFileType = file.storyboard; name = Base; path = Base.lproj/Main.storyboard; sourceTree = "<group>"; };
		AA4F5F731BA9EF6A0032AF01 /* Images.xcassets */ = {isa = PBXFileReference; lastKnownFileType = folder.assetcatalog; path = Images.xcassets; sourceTree = "<group>"; };
		AA4F5F761BA9EF6A0032AF01 /* Base */ = {isa = PBXFileReference; lastKnownFileType = file.xib; name = Base; path = Base.lproj/LaunchScreen.xib; sourceTree = "<group>"; };
		AA4F5F7C1BA9EF6A0032AF01 /* EveryDoCoreDataTests.xctest */ = {isa = PBXFileReference; explicitFileType = wrapper.cfbundle; includeInIndex = 0; path = EveryDoCoreDataTests.xctest; sourceTree = BUILT_PRODUCTS_DIR; };
		AA4F5F811BA9EF6A0032AF01 /* Info.plist */ = {isa = PBXFileReference; lastKnownFileType = text.plist.xml; path = Info.plist; sourceTree = "<group>"; };
		AA4F5F821BA9EF6A0032AF01 /* EveryDoCoreDataTests.m */ = {isa = PBXFileReference; lastKnownFileType = sourcecode.c.objc; path = EveryDoCoreDataTests.m; sourceTree = "<group>"; };
/* End PBXFileReference section */

/* Begin PBXFrameworksBuildPhase section */
		AA4F5F5A1BA9EF6A0032AF01 /* Frameworks */ = {
			isa = PBXFrameworksBuildPhase;
			buildActionMask = 2147483647;
			files = (
			);
			runOnlyForDeploymentPostprocessing = 0;
		};
		AA4F5F791BA9EF6A0032AF01 /* Frameworks */ = {
			isa = PBXFrameworksBuildPhase;
			buildActionMask = 2147483647;
			files = (
			);
			runOnlyForDeploymentPostprocessing = 0;
		};
/* End PBXFrameworksBuildPhase section */

/* Begin PBXGroup section */
		AA4F5F541BA9EF6A0032AF01 = {
			isa = PBXGroup;
			children = (
				AA4F5F5F1BA9EF6A0032AF01 /* EveryDoCoreData */,
				AA4F5F7F1BA9EF6A0032AF01 /* EveryDoCoreDataTests */,
				AA4F5F5E1BA9EF6A0032AF01 /* Products */,
			);
			sourceTree = "<group>";
		};
		AA4F5F5E1BA9EF6A0032AF01 /* Products */ = {
			isa = PBXGroup;
			children = (
				AA4F5F5D1BA9EF6A0032AF01 /* EveryDoCoreData.app */,
				AA4F5F7C1BA9EF6A0032AF01 /* EveryDoCoreDataTests.xctest */,
			);
			name = Products;
			sourceTree = "<group>";
		};
		AA4F5F5F1BA9EF6A0032AF01 /* EveryDoCoreData */ = {
			isa = PBXGroup;
			children = (
				AA4F5F641BA9EF6A0032AF01 /* AppDelegate.h */,
				AA4F5F651BA9EF6A0032AF01 /* AppDelegate.m */,
				AA4F5F6A1BA9EF6A0032AF01 /* MasterViewController.h */,
				AA4F5F6B1BA9EF6A0032AF01 /* MasterViewController.m */,
				AA4F5F6D1BA9EF6A0032AF01 /* DetailViewController.h */,
				AA4F5F6E1BA9EF6A0032AF01 /* DetailViewController.m */,
				AA4F5F701BA9EF6A0032AF01 /* Main.storyboard */,
				AA4F5F731BA9EF6A0032AF01 /* Images.xcassets */,
				AA4F5F751BA9EF6A0032AF01 /* LaunchScreen.xib */,
				AA4F5F671BA9EF6A0032AF01 /* EveryDoCoreData.xcdatamodeld */,
				AA4F5F601BA9EF6A0032AF01 /* Supporting Files */,
			);
			path = EveryDoCoreData;
			sourceTree = "<group>";
		};
		AA4F5F601BA9EF6A0032AF01 /* Supporting Files */ = {
			isa = PBXGroup;
			children = (
				AA4F5F611BA9EF6A0032AF01 /* Info.plist */,
				AA4F5F621BA9EF6A0032AF01 /* main.m */,
			);
			name = "Supporting Files";
			sourceTree = "<group>";
		};
		AA4F5F7F1BA9EF6A0032AF01 /* EveryDoCoreDataTests */ = {
			isa = PBXGroup;
			children = (
				AA4F5F821BA9EF6A0032AF01 /* EveryDoCoreDataTests.m */,
				AA4F5F801BA9EF6A0032AF01 /* Supporting Files */,
			);
			path = EveryDoCoreDataTests;
			sourceTree = "<group>";
		};
		AA4F5F801BA9EF6A0032AF01 /* Supporting Files */ = {
			isa = PBXGroup;
			children = (
				AA4F5F811BA9EF6A0032AF01 /* Info.plist */,
			);
			name = "Supporting Files";
			sourceTree = "<group>";
		};
/* End PBXGroup section */

/* Begin PBXNativeTarget section */
		AA4F5F5C1BA9EF6A0032AF01 /* EveryDoCoreData */ = {
			isa = PBXNativeTarget;
			buildConfigurationList = AA4F5F861BA9EF6A0032AF01 /* Build configuration list for PBXNativeTarget "EveryDoCoreData" */;
			buildPhases = (
				AA4F5F591BA9EF6A0032AF01 /* Sources */,
				AA4F5F5A1BA9EF6A0032AF01 /* Frameworks */,
				AA4F5F5B1BA9EF6A0032AF01 /* Resources */,
			);
			buildRules = (
			);
			dependencies = (
			);
			name = EveryDoCoreData;
			productName = EveryDoCoreData;
			productReference = AA4F5F5D1BA9EF6A0032AF01 /* EveryDoCoreData.app */;
			productType = "com.apple.product-type.application";
		};
		AA4F5F7B1BA9EF6A0032AF01 /* EveryDoCoreDataTests */ = {
			isa = PBXNativeTarget;
			buildConfigurationList = AA4F5F891BA9EF6A0032AF01 /* Build configuration list for PBXNativeTarget "EveryDoCoreDataTests" */;
			buildPhases = (
				AA4F5F781BA9EF6A0032AF01 /* Sources */,
				AA4F5F791BA9EF6A0032AF01 /* Frameworks */,
				AA4F5F7A1BA9EF6A0032AF01 /* Resources */,
			);
			buildRules = (
			);
			dependencies = (
				AA4F5F7E1BA9EF6A0032AF01 /* PBXTargetDependency */,
			);
			name = EveryDoCoreDataTests;
			productName = EveryDoCoreDataTests;
			productReference = AA4F5F7C1BA9EF6A0032AF01 /* EveryDoCoreDataTests.xctest */;
			productType = "com.apple.product-type.bundle.unit-test";
		};
/* End PBXNativeTarget section */

/* Begin PBXProject section */
		AA4F5F551BA9EF6A0032AF01 /* Project object */ = {
			isa = PBXProject;
			attributes = {
				LastUpgradeCheck = 0640;
				ORGANIZATIONNAME = KatieExpatriated;
				TargetAttributes = {
					AA4F5F5C1BA9EF6A0032AF01 = {
						CreatedOnToolsVersion = 6.4;
					};
					AA4F5F7B1BA9EF6A0032AF01 = {
						CreatedOnToolsVersion = 6.4;
						TestTargetID = AA4F5F5C1BA9EF6A0032AF01;
					};
				};
			};
			buildConfigurationList = AA4F5F581BA9EF6A0032AF01 /* Build configuration list for PBXProject "EveryDoCoreData" */;
			compatibilityVersion = "Xcode 3.2";
			developmentRegion = English;
			hasScannedForEncodings = 0;
			knownRegions = (
				en,
				Base,
			);
			mainGroup = AA4F5F541BA9EF6A0032AF01;
			productRefGroup = AA4F5F5E1BA9EF6A0032AF01 /* Products */;
			projectDirPath = "";
			projectRoot = "";
			targets = (
				AA4F5F5C1BA9EF6A0032AF01 /* EveryDoCoreData */,
				AA4F5F7B1BA9EF6A0032AF01 /* EveryDoCoreDataTests */,
			);
		};
/* End PBXProject section */

/* Begin PBXResourcesBuildPhase section */
		AA4F5F5B1BA9EF6A0032AF01 /* Resources */ = {
			isa = PBXResourcesBuildPhase;
			buildActionMask = 2147483647;
			files = (
				AA4F5F721BA9EF6A0032AF01 /* Main.storyboard in Resources */,
				AA4F5F771BA9EF6A0032AF01 /* LaunchScreen.xib in Resources */,
				AA4F5F741BA9EF6A0032AF01 /* Images.xcassets in Resources */,
			);
			runOnlyForDeploymentPostprocessing = 0;
		};
		AA4F5F7A1BA9EF6A0032AF01 /* Resources */ = {
			isa = PBXResourcesBuildPhase;
			buildActionMask = 2147483647;
			files = (
			);
			runOnlyForDeploymentPostprocessing = 0;
		};
/* End PBXResourcesBuildPhase section */

/* Begin PBXSourcesBuildPhase section */
		AA4F5F591BA9EF6A0032AF01 /* Sources */ = {
			isa = PBXSourcesBuildPhase;
			buildActionMask = 2147483647;
			files = (
				AA4F5F6F1BA9EF6A0032AF01 /* DetailViewController.m in Sources */,
				AA4F5F6C1BA9EF6A0032AF01 /* MasterViewController.m in Sources */,
				AA4F5F661BA9EF6A0032AF01 /* AppDelegate.m in Sources */,
				AA4F5F631BA9EF6A0032AF01 /* main.m in Sources */,
				AA4F5F691BA9EF6A0032AF01 /* EveryDoCoreData.xcdatamodeld in Sources */,
			);
			runOnlyForDeploymentPostprocessing = 0;
		};
		AA4F5F781BA9EF6A0032AF01 /* Sources */ = {
			isa = PBXSourcesBuildPhase;
			buildActionMask = 2147483647;
			files = (
				AA4F5F831BA9EF6A0032AF01 /* EveryDoCoreDataTests.m in Sources */,
			);
			runOnlyForDeploymentPostprocessing = 0;
		};
/* End PBXSourcesBuildPhase section */

/* Begin PBXTargetDependency section */
		AA4F5F7E1BA9EF6A0032AF01 /* PBXTargetDependency */ = {
			isa = PBXTargetDependency;
			target = AA4F5F5C1BA9EF6A0032AF01 /* EveryDoCoreData */;
			targetProxy = AA4F5F7D1BA9EF6A0032AF01 /* PBXContainerItemProxy */;
		};
/* End PBXTargetDependency section */

/* Begin PBXVariantGroup section */
		AA4F5F701BA9EF6A0032AF01 /* Main.storyboard */ = {
			isa = PBXVariantGroup;
			children = (
				AA4F5F711BA9EF6A0032AF01 /* Base */,
			);
			name = Main.storyboard;
			sourceTree = "<group>";
		};
		AA4F5F751BA9EF6A0032AF01 /* LaunchScreen.xib */ = {
			isa = PBXVariantGroup;
			children = (
				AA4F5F761BA9EF6A0032AF01 /* Base */,
			);
			name = LaunchScreen.xib;
			sourceTree = "<group>";
		};
/* End PBXVariantGroup section */

/* Begin XCBuildConfiguration section */
		AA4F5F841BA9EF6A0032AF01 /* Debug */ = {
			isa = XCBuildConfiguration;
			buildSettings = {
				ALWAYS_SEARCH_USER_PATHS = NO;
				CLANG_CXX_LANGUAGE_STANDARD = "gnu++0x";
				CLANG_CXX_LIBRARY = "libc++";
				CLANG_ENABLE_MODULES = YES;
				CLANG_ENABLE_OBJC_ARC = YES;
				CLANG_WARN_BOOL_CONVERSION = YES;
				CLANG_WARN_CONSTANT_CONVERSION = YES;
				CLANG_WARN_DIRECT_OBJC_ISA_USAGE = YES_ERROR;
				CLANG_WARN_EMPTY_BODY = YES;
				CLANG_WARN_ENUM_CONVERSION = YES;
				CLANG_WARN_INT_CONVERSION = YES;
				CLANG_WARN_OBJC_ROOT_CLASS = YES_ERROR;
				CLANG_WARN_UNREACHABLE_CODE = YES;
				CLANG_WARN__DUPLICATE_METHOD_MATCH = YES;
				"CODE_SIGN_IDENTITY[sdk=iphoneos*]" = "iPhone Developer";
				COPY_PHASE_STRIP = NO;
				DEBUG_INFORMATION_FORMAT = "dwarf-with-dsym";
				ENABLE_STRICT_OBJC_MSGSEND = YES;
				GCC_C_LANGUAGE_STANDARD = gnu99;
				GCC_DYNAMIC_NO_PIC = NO;
				GCC_NO_COMMON_BLOCKS = YES;
				GCC_OPTIMIZATION_LEVEL = 0;
				GCC_PREPROCESSOR_DEFINITIONS = (
					"DEBUG=1",
					"$(inherited)",
				);
				GCC_SYMBOLS_PRIVATE_EXTERN = NO;
				GCC_WARN_64_TO_32_BIT_CONVERSION = YES;
				GCC_WARN_ABOUT_RETURN_TYPE = YES_ERROR;
				GCC_WARN_UNDECLARED_SELECTOR = YES;
				GCC_WARN_UNINITIALIZED_AUTOS = YES_AGGRESSIVE;
				GCC_WARN_UNUSED_FUNCTION = YES;
				GCC_WARN_UNUSED_VARIABLE = YES;
				IPHONEOS_DEPLOYMENT_TARGET = 8.4;
				MTL_ENABLE_DEBUG_INFO = YES;
				ONLY_ACTIVE_ARCH = YES;
				SDKROOT = iphoneos;
			};
			name = Debug;
		};
		AA4F5F851BA9EF6A0032AF01 /* Release */ = {
			isa = XCBuildConfiguration;
			buildSettings = {
				ALWAYS_SEARCH_USER_PATHS = NO;
				CLANG_CXX_LANGUAGE_STANDARD = "gnu++0x";
				CLANG_CXX_LIBRARY = "libc++";
				CLANG_ENABLE_MODULES = YES;
				CLANG_ENABLE_OBJC_ARC = YES;
				CLANG_WARN_BOOL_CONVERSION = YES;
				CLANG_WARN_CONSTANT_CONVERSION = YES;
				CLANG_WARN_DIRECT_OBJC_ISA_USAGE = YES_ERROR;
				CLANG_WARN_EMPTY_BODY = YES;
				CLANG_WARN_ENUM_CONVERSION = YES;
				CLANG_WARN_INT_CONVERSION = YES;
				CLANG_WARN_OBJC_ROOT_CLASS = YES_ERROR;
				CLANG_WARN_UNREACHABLE_CODE = YES;
				CLANG_WARN__DUPLICATE_METHOD_MATCH = YES;
				"CODE_SIGN_IDENTITY[sdk=iphoneos*]" = "iPhone Developer";
				COPY_PHASE_STRIP = NO;
				DEBUG_INFORMATION_FORMAT = "dwarf-with-dsym";
				ENABLE_NS_ASSERTIONS = NO;
				ENABLE_STRICT_OBJC_MSGSEND = YES;
				GCC_C_LANGUAGE_STANDARD = gnu99;
				GCC_NO_COMMON_BLOCKS = YES;
				GCC_WARN_64_TO_32_BIT_CONVERSION = YES;
				GCC_WARN_ABOUT_RETURN_TYPE = YES_ERROR;
				GCC_WARN_UNDECLARED_SELECTOR = YES;
				GCC_WARN_UNINITIALIZED_AUTOS = YES_AGGRESSIVE;
				GCC_WARN_UNUSED_FUNCTION = YES;
				GCC_WARN_UNUSED_VARIABLE = YES;
				IPHONEOS_DEPLOYMENT_TARGET = 8.4;
				MTL_ENABLE_DEBUG_INFO = NO;
				SDKROOT = iphoneos;
				VALIDATE_PRODUCT = YES;
			};
			name = Release;
		};
		AA4F5F871BA9EF6A0032AF01 /* Debug */ = {
			isa = XCBuildConfiguration;
			buildSettings = {
				ASSETCATALOG_COMPILER_APPICON_NAME = AppIcon;
				INFOPLIST_FILE = EveryDoCoreData/Info.plist;
				LD_RUNPATH_SEARCH_PATHS = "$(inherited) @executable_path/Frameworks";
				PRODUCT_NAME = "$(TARGET_NAME)";
			};
			name = Debug;
		};
		AA4F5F881BA9EF6A0032AF01 /* Release */ = {
			isa = XCBuildConfiguration;
			buildSettings = {
				ASSETCATALOG_COMPILER_APPICON_NAME = AppIcon;
				INFOPLIST_FILE = EveryDoCoreData/Info.plist;
				LD_RUNPATH_SEARCH_PATHS = "$(inherited) @executable_path/Frameworks";
				PRODUCT_NAME = "$(TARGET_NAME)";
			};
			name = Release;
		};
		AA4F5F8A1BA9EF6A0032AF01 /* Debug */ = {
			isa = XCBuildConfiguration;
			buildSettings = {
				BUNDLE_LOADER = "$(TEST_HOST)";
				FRAMEWORK_SEARCH_PATHS = (
					"$(SDKROOT)/Developer/Library/Frameworks",
					"$(inherited)",
				);
				GCC_PREPROCESSOR_DEFINITIONS = (
					"DEBUG=1",
					"$(inherited)",
				);
				INFOPLIST_FILE = EveryDoCoreDataTests/Info.plist;
				LD_RUNPATH_SEARCH_PATHS = "$(inherited) @executable_path/Frameworks @loader_path/Frameworks";
				PRODUCT_NAME = "$(TARGET_NAME)";
				TEST_HOST = "$(BUILT_PRODUCTS_DIR)/EveryDoCoreData.app/EveryDoCoreData";
			};
			name = Debug;
		};
		AA4F5F8B1BA9EF6A0032AF01 /* Release */ = {
			isa = XCBuildConfiguration;
			buildSettings = {
				BUNDLE_LOADER = "$(TEST_HOST)";
				FRAMEWORK_SEARCH_PATHS = (
					"$(SDKROOT)/Developer/Library/Frameworks",
					"$(inherited)",
				);
				INFOPLIST_FILE = EveryDoCoreDataTests/Info.plist;
				LD_RUNPATH_SEARCH_PATHS = "$(inherited) @executable_path/Frameworks @loader_path/Frameworks";
				PRODUCT_NAME = "$(TARGET_NAME)";
				TEST_HOST = "$(BUILT_PRODUCTS_DIR)/EveryDoCoreData.app/EveryDoCoreData";
			};
			name = Release;
		};
/* End XCBuildConfiguration section */

/* Begin XCConfigurationList section */
		AA4F5F581BA9EF6A0032AF01 /* Build configuration list for PBXProject "EveryDoCoreData" */ = {
			isa = XCConfigurationList;
			buildConfigurations = (
				AA4F5F841BA9EF6A0032AF01 /* Debug */,
				AA4F5F851BA9EF6A0032AF01 /* Release */,
			);
			defaultConfigurationIsVisible = 0;
			defaultConfigurationName = Release;
		};
		AA4F5F861BA9EF6A0032AF01 /* Build configuration list for PBXNativeTarget "EveryDoCoreData" */ = {
			isa = XCConfigurationList;
			buildConfigurations = (
				AA4F5F871BA9EF6A0032AF01 /* Debug */,
				AA4F5F881BA9EF6A0032AF01 /* Release */,
			);
			defaultConfigurationIsVisible = 0;
		};
		AA4F5F891BA9EF6A0032AF01 /* Build configuration list for PBXNativeTarget "EveryDoCoreDataTests" */ = {
			isa = XCConfigurationList;
			buildConfigurations = (
				AA4F5F8A1BA9EF6A0032AF01 /* Debug */,
				AA4F5F8B1BA9EF6A0032AF01 /* Release */,
			);
			defaultConfigurationIsVisible = 0;
		};
/* End XCConfigurationList section */

/* Begin XCVersionGroup section */
		AA4F5F671BA9EF6A0032AF01 /* EveryDoCoreData.xcdatamodeld */ = {
			isa = XCVersionGroup;
			children = (
				AA4F5F681BA9EF6A0032AF01 /* EveryDoCoreData.xcdatamodel */,
			);
			currentVersion = AA4F5F681BA9EF6A0032AF01 /* EveryDoCoreData.xcdatamodel */;
			path = EveryDoCoreData.xcdatamodeld;
			sourceTree = "<group>";
			versionGroupType = wrapper.xcdatamodel;
		};
/* End XCVersionGroup section */
	};
	rootObject = AA4F5F551BA9EF6A0032AF01 /* Project object */;
}
